{
  "nodes": {
    "nixpkgs": {
      "locked": {
        "lastModified": 1773790659,
        "narHash": "sha256-4mWAnfK0ziD/0/hQ7b5GgVH7bid9psvEVGqyV/5oB6Q=",
        "owner": "NixOS",
        "repo": "nixpkgs",
        "rev": "74db1477155674a4c3e18de28628f24eba310ebf",
        "type": "github"
      },
      "original": {
        "owner": "NixOS",
        "ref": "nixos-unstable",
        "repo": "nixpkgs",
        "type": "github"
      }
    },
    "root": {
      "inputs": {
        "nixpkgs": "nixpkgs"
      }
    }
  },
  "root": "root",
  "version": 7
}
